// !$*UTF8*$!
{
	archiveVersion = 1;
	classes = {
	};
	objectVersion = 56;
	objects = {

/* Begin PBXBuildFile section */
		7621AB332B5767CE00250EBF /* AppDelegate.swift in Sources */ = {isa = PBXBuildFile; fileRef = 7621AB322B5767CE00250EBF /* AppDelegate.swift */; };
		7621AB352B5767CE00250EBF /* SceneDelegate.swift in Sources */ = {isa = PBXBuildFile; fileRef = 7621AB342B5767CE00250EBF /* SceneDelegate.swift */; };
		7621AB372B5767CE00250EBF /* ViewController.swift in Sources */ = {isa = PBXBuildFile; fileRef = 7621AB362B5767CE00250EBF /* ViewController.swift */; };
		7621AB3A2B5767CE00250EBF /* Main.storyboard in Resources */ = {isa = PBXBuildFile; fileRef = 7621AB382B5767CE00250EBF /* Main.storyboard */; };
		7621AB3C2B5767D000250EBF /* Assets.xcassets in Resources */ = {isa = PBXBuildFile; fileRef = 7621AB3B2B5767D000250EBF /* Assets.xcassets */; };
		7621AB3F2B5767D000250EBF /* LaunchScreen.storyboard in Resources */ = {isa = PBXBuildFile; fileRef = 7621AB3D2B5767D000250EBF /* LaunchScreen.storyboard */; };
		76F8508E2B89070C00386A9A /* ApiService.swift in Sources */ = {isa = PBXBuildFile; fileRef = 76F8508D2B89070C00386A9A /* ApiService.swift */; };
		76F850912B8918CF00386A9A /* TokenResponse.swift in Sources */ = {isa = PBXBuildFile; fileRef = 76F850902B8918CF00386A9A /* TokenResponse.swift */; };
		76F850932B89191400386A9A /* TokenService.swift in Sources */ = {isa = PBXBuildFile; fileRef = 76F850922B89191400386A9A /* TokenService.swift */; };
/* End PBXBuildFile section */

/* Begin PBXFileReference section */
		7621AB2F2B5767CE00250EBF /* Indotica.app */ = {isa = PBXFileReference; explicitFileType = wrapper.application; includeInIndex = 0; path = Indotica.app; sourceTree = BUILT_PRODUCTS_DIR; };
		7621AB322B5767CE00250EBF /* AppDelegate.swift */ = {isa = PBXFileReference; lastKnownFileType = sourcecode.swift; path = AppDelegate.swift; sourceTree = "<group>"; };
		7621AB342B5767CE00250EBF /* SceneDelegate.swift */ = {isa = PBXFileReference; lastKnownFileType = sourcecode.swift; path = SceneDelegate.swift; sourceTree = "<group>"; };
		7621AB362B5767CE00250EBF /* ViewController.swift */ = {isa = PBXFileReference; lastKnownFileType = sourcecode.swift; path = ViewController.swift; sourceTree = "<group>"; };
		7621AB392B5767CE00250EBF /* Base */ = {isa = PBXFileReference; lastKnownFileType = file.storyboard; name = Base; path = Base.lproj/Main.storyboard; sourceTree = "<group>"; };
		7621AB3B2B5767D000250EBF /* Assets.xcassets */ = {isa = PBXFileReference; lastKnownFileType = folder.assetcatalog; path = Assets.xcassets; sourceTree = "<group>"; };
		7621AB3E2B5767D000250EBF /* Base */ = {isa = PBXFileReference; lastKnownFileType = file.storyboard; name = Base; path = Base.lproj/LaunchScreen.storyboard; sourceTree = "<group>"; };
		7621AB402B5767D000250EBF /* Info.plist */ = {isa = PBXFileReference; lastKnownFileType = text.plist.xml; path = Info.plist; sourceTree = "<group>"; };
		76F8508D2B89070C00386A9A /* ApiService.swift */ = {isa = PBXFileReference; lastKnownFileType = sourcecode.swift; path = ApiService.swift; sourceTree = "<group>"; };
		76F850902B8918CF00386A9A /* TokenResponse.swift */ = {isa = PBXFileReference; lastKnownFileType = sourcecode.swift; path = TokenResponse.swift; sourceTree = "<group>"; };
		76F850922B89191400386A9A /* TokenService.swift */ = {isa = PBXFileReference; lastKnownFileType = sourcecode.swift; path = TokenService.swift; sourceTree = "<group>"; };
/* End PBXFileReference section */

/* Begin PBXFrameworksBuildPhase section */
		7621AB2C2B5767CE00250EBF /* Frameworks */ = {
			isa = PBXFrameworksBuildPhase;
			buildActionMask = 2147483647;
			files = (
			);
			runOnlyForDeploymentPostprocessing = 0;
		};
/* End PBXFrameworksBuildPhase section */

/* Begin PBXGroup section */
		7621AB262B5767CE00250EBF = {
			isa = PBXGroup;
			children = (
				7621AB312B5767CE00250EBF /* Indotica */,
				7621AB302B5767CE00250EBF /* Products */,
			);
			sourceTree = "<group>";
		};
		7621AB302B5767CE00250EBF /* Products */ = {
			isa = PBXGroup;
			children = (
				7621AB2F2B5767CE00250EBF /* Indotica.app */,
			);
			name = Products;
			sourceTree = "<group>";
		};
		7621AB312B5767CE00250EBF /* Indotica */ = {
			isa = PBXGroup;
			children = (
				76F8508F2B8918C200386A9A /* Models */,
				76F8508C2B8906F500386A9A /* Networking */,
				7621AB322B5767CE00250EBF /* AppDelegate.swift */,
				7621AB342B5767CE00250EBF /* SceneDelegate.swift */,
				7621AB362B5767CE00250EBF /* ViewController.swift */,
				7621AB382B5767CE00250EBF /* Main.storyboard */,
				7621AB3B2B5767D000250EBF /* Assets.xcassets */,
				7621AB3D2B5767D000250EBF /* LaunchScreen.storyboard */,
				7621AB402B5767D000250EBF /* Info.plist */,
			);
			path = Indotica;
			sourceTree = "<group>";
		};
		76F8508C2B8906F500386A9A /* Networking */ = {
			isa = PBXGroup;
			children = (
				76F8508D2B89070C00386A9A /* ApiService.swift */,
				76F850922B89191400386A9A /* TokenService.swift */,
			);
			path = Networking;
			sourceTree = "<group>";
		};
		76F8508F2B8918C200386A9A /* Models */ = {
			isa = PBXGroup;
			children = (
				76F850902B8918CF00386A9A /* TokenResponse.swift */,
			);
			path = Models;
			sourceTree = "<group>";
		};
/* End PBXGroup section */

/* Begin PBXNativeTarget section */
		7621AB2E2B5767CE00250EBF /* Indotica */ = {
			isa = PBXNativeTarget;
			buildConfigurationList = 7621AB432B5767D000250EBF /* Build configuration list for PBXNativeTarget "Indotica" */;
			buildPhases = (
				7621AB2B2B5767CE00250EBF /* Sources */,
				7621AB2C2B5767CE00250EBF /* Frameworks */,
				7621AB2D2B5767CE00250EBF /* Resources */,
			);
			buildRules = (
			);
			dependencies = (
			);
			name = Indotica;
			productName = Indotica;
			productReference = 7621AB2F2B5767CE00250EBF /* Indotica.app */;
			productType = "com.apple.product-type.application";
		};
/* End PBXNativeTarget section */

/* Begin PBXProject section */
		7621AB272B5767CE00250EBF /* Project object */ = {
			isa = PBXProject;
			attributes = {
				BuildIndependentTargetsInParallel = 1;
				LastSwiftUpdateCheck = 1420;
				LastUpgradeCheck = 1420;
				TargetAttributes = {
					7621AB2E2B5767CE00250EBF = {
						CreatedOnToolsVersion = 14.2;
					};
				};
			};
			buildConfigurationList = 7621AB2A2B5767CE00250EBF /* Build configuration list for PBXProject "Indotica" */;
			compatibilityVersion = "Xcode 14.0";
			developmentRegion = en;
			hasScannedForEncodings = 0;
			knownRegions = (
				en,
				Base,
			);
			mainGroup = 7621AB262B5767CE00250EBF;
			productRefGroup = 7621AB302B5767CE00250EBF /* Products */;
			projectDirPath = "";
			projectRoot = "";
			targets = (
				7621AB2E2B5767CE00250EBF /* Indotica */,
			);
		};
/* End PBXProject section */

/* Begin PBXResourcesBuildPhase section */
		7621AB2D2B5767CE00250EBF /* Resources */ = {
			isa = PBXResourcesBuildPhase;
			buildActionMask = 2147483647;
			files = (
				7621AB3F2B5767D000250EBF /* LaunchScreen.storyboard in Resources */,
				7621AB3C2B5767D000250EBF /* Assets.xcassets in Resources */,
				7621AB3A2B5767CE00250EBF /* Main.storyboard in Resources */,
			);
			runOnlyForDeploymentPostprocessing = 0;
		};
/* End PBXResourcesBuildPhase section */

/* Begin PBXSourcesBuildPhase section */
		7621AB2B2B5767CE00250EBF /* Sources */ = {
			isa = PBXSourcesBuildPhase;
			buildActionMask = 2147483647;
			files = (
				7621AB372B5767CE00250EBF /* ViewController.swift in Sources */,
				7621AB332B5767CE00250EBF /* AppDelegate.swift in Sources */,
				76F8508E2B89070C00386A9A /* ApiService.swift in Sources */,
				76F850932B89191400386A9A /* TokenService.swift in Sources */,
				7621AB352B5767CE00250EBF /* SceneDelegate.swift in Sources */,
				76F850912B8918CF00386A9A /* TokenResponse.swift in Sources */,
			);
			runOnlyForDeploymentPostprocessing = 0;
		};
/* End PBXSourcesBuildPhase section */

/* Begin PBXVariantGroup section */
		7621AB382B5767CE00250EBF /* Main.storyboard */ = {
			isa = PBXVariantGroup;
			children = (
				7621AB392B5767CE00250EBF /* Base */,
			);
			name = Main.storyboard;
			sourceTree = "<group>";
		};
		7621AB3D2B5767D000250EBF /* LaunchScreen.storyboard */ = {
			isa = PBXVariantGroup;
			children = (
				7621AB3E2B5767D000250EBF /* Base */,
			);
			name = LaunchScreen.storyboard;
			sourceTree = "<group>";
		};
/* End PBXVariantGroup section */

/* Begin XCBuildConfiguration section */
		7621AB412B5767D000250EBF /* Debug */ = {
			isa = XCBuildConfiguration;
			buildSettings = {
				ALWAYS_SEARCH_USER_PATHS = NO;
				CLANG_ANALYZER_NONNULL = YES;
				CLANG_ANALYZER_NUMBER_OBJECT_CONVERSION = YES_AGGRESSIVE;
				CLANG_CXX_LANGUAGE_STANDARD = "gnu++20";
				CLANG_ENABLE_MODULES = YES;
				CLANG_ENABLE_OBJC_ARC = YES;
				CLANG_ENABLE_OBJC_WEAK = YES;
				CLANG_WARN_BLOCK_CAPTURE_AUTORELEASING = YES;
				CLANG_WARN_BOOL_CONVERSION = YES;
				CLANG_WARN_COMMA = YES;
				CLANG_WARN_CONSTANT_CONVERSION = YES;
				CLANG_WARN_DEPRECATED_OBJC_IMPLEMENTATIONS = YES;
				CLANG_WARN_DIRECT_OBJC_ISA_USAGE = YES_ERROR;
				CLANG_WARN_DOCUMENTATION_COMMENTS = YES;
				CLANG_WARN_EMPTY_BODY = YES;
				CLANG_WARN_ENUM_CONVERSION = YES;
				CLANG_WARN_INFINITE_RECURSION = YES;
				CLANG_WARN_INT_CONVERSION = YES;
				CLANG_WARN_NON_LITERAL_NULL_CONVERSION = YES;
				CLANG_WARN_OBJC_IMPLICIT_RETAIN_SELF = YES;
				CLANG_WARN_OBJC_LITERAL_CONVERSION = YES;
				CLANG_WARN_OBJC_ROOT_CLASS = YES_ERROR;
				CLANG_WARN_QUOTED_INCLUDE_IN_FRAMEWORK_HEADER = YES;
				CLANG_WARN_RANGE_LOOP_ANALYSIS = YES;
				CLANG_WARN_STRICT_PROTOTYPES = YES;
				CLANG_WARN_SUSPICIOUS_MOVE = YES;
				CLANG_WARN_UNGUARDED_AVAILABILITY = YES_AGGRESSIVE;
				CLANG_WARN_UNREACHABLE_CODE = YES;
				CLANG_WARN__DUPLICATE_METHOD_MATCH = YES;
				COPY_PHASE_STRIP = NO;
				DEBUG_INFORMATION_FORMAT = dwarf;
				ENABLE_STRICT_OBJC_MSGSEND = YES;
				ENABLE_TESTABILITY = YES;
				GCC_C_LANGUAGE_STANDARD = gnu11;
				GCC_DYNAMIC_NO_PIC = NO;
				GCC_NO_COMMON_BLOCKS = YES;
				GCC_OPTIMIZATION_LEVEL = 0;
				GCC_PREPROCESSOR_DEFINITIONS = (
					"DEBUG=1",
					"$(inherited)",
				);
				GCC_WARN_64_TO_32_BIT_CONVERSION = YES;
				GCC_WARN_ABOUT_RETURN_TYPE = YES_ERROR;
				GCC_WARN_UNDECLARED_SELECTOR = YES;
				GCC_WARN_UNINITIALIZED_AUTOS = YES_AGGRESSIVE;
				GCC_WARN_UNUSED_FUNCTION = YES;
				GCC_WARN_UNUSED_VARIABLE = YES;
				IPHONEOS_DEPLOYMENT_TARGET = 16.2;
				MTL_ENABLE_DEBUG_INFO = INCLUDE_SOURCE;
				MTL_FAST_MATH = YES;
				ONLY_ACTIVE_ARCH = YES;
				SDKROOT = iphoneos;
				SWIFT_ACTIVE_COMPILATION_CONDITIONS = DEBUG;
				SWIFT_OPTIMIZATION_LEVEL = "-Onone";
			};
			name = Debug;
		};
		7621AB422B5767D000250EBF /* Release */ = {
			isa = XCBuildConfiguration;
			buildSettings = {
				ALWAYS_SEARCH_USER_PATHS = NO;
				CLANG_ANALYZER_NONNULL = YES;
				CLANG_ANALYZER_NUMBER_OBJECT_CONVERSION = YES_AGGRESSIVE;
				CLANG_CXX_LANGUAGE_STANDARD = "gnu++20";
				CLANG_ENABLE_MODULES = YES;
				CLANG_ENABLE_OBJC_ARC = YES;
				CLANG_ENABLE_OBJC_WEAK = YES;
				CLANG_WARN_BLOCK_CAPTURE_AUTORELEASING = YES;
				CLANG_WARN_BOOL_CONVERSION = YES;
				CLANG_WARN_COMMA = YES;
				CLANG_WARN_CONSTANT_CONVERSION = YES;
				CLANG_WARN_DEPRECATED_OBJC_IMPLEMENTATIONS = YES;
				CLANG_WARN_DIRECT_OBJC_ISA_USAGE = YES_ERROR;
				CLANG_WARN_DOCUMENTATION_COMMENTS = YES;
				CLANG_WARN_EMPTY_BODY = YES;
				CLANG_WARN_ENUM_CONVERSION = YES;
				CLANG_WARN_INFINITE_RECURSION = YES;
				CLANG_WARN_INT_CONVERSION = YES;
				CLANG_WARN_NON_LITERAL_NULL_CONVERSION = YES;
				CLANG_WARN_OBJC_IMPLICIT_RETAIN_SELF = YES;
				CLANG_WARN_OBJC_LITERAL_CONVERSION = YES;
				CLANG_WARN_OBJC_ROOT_CLASS = YES_ERROR;
				CLANG_WARN_QUOTED_INCLUDE_IN_FRAMEWORK_HEADER = YES;
				CLANG_WARN_RANGE_LOOP_ANALYSIS = YES;
				CLANG_WARN_STRICT_PROTOTYPES = YES;
				CLANG_WARN_SUSPICIOUS_MOVE = YES;
				CLANG_WARN_UNGUARDED_AVAILABILITY = YES_AGGRESSIVE;
				CLANG_WARN_UNREACHABLE_CODE = YES;
				CLANG_WARN__DUPLICATE_METHOD_MATCH = YES;
				COPY_PHASE_STRIP = NO;
				DEBUG_INFORMATION_FORMAT = "dwarf-with-dsym";
				ENABLE_NS_ASSERTIONS = NO;
				ENABLE_STRICT_OBJC_MSGSEND = YES;
				GCC_C_LANGUAGE_STANDARD = gnu11;
				GCC_NO_COMMON_BLOCKS = YES;
				GCC_WARN_64_TO_32_BIT_CONVERSION = YES;
				GCC_WARN_ABOUT_RETURN_TYPE = YES_ERROR;
				GCC_WARN_UNDECLARED_SELECTOR = YES;
				GCC_WARN_UNINITIALIZED_AUTOS = YES_AGGRESSIVE;
				GCC_WARN_UNUSED_FUNCTION = YES;
				GCC_WARN_UNUSED_VARIABLE = YES;
				IPHONEOS_DEPLOYMENT_TARGET = 16.2;
				MTL_ENABLE_DEBUG_INFO = NO;
				MTL_FAST_MATH = YES;
				SDKROOT = iphoneos;
				SWIFT_COMPILATION_MODE = wholemodule;
				SWIFT_OPTIMIZATION_LEVEL = "-O";
				VALIDATE_PRODUCT = YES;
			};
			name = Release;
		};
		7621AB442B5767D000250EBF /* Debug */ = {
			isa = XCBuildConfiguration;
			buildSettings = {
				ASSETCATALOG_COMPILER_APPICON_NAME = AppIcon;
				ASSETCATALOG_COMPILER_GLOBAL_ACCENT_COLOR_NAME = AccentColor;
				CODE_SIGN_STYLE = Automatic;
				CURRENT_PROJECT_VERSION = 1;
				DEVELOPMENT_TEAM = A93PZ6N6SU;
				GENERATE_INFOPLIST_FILE = YES;
				INFOPLIST_FILE = Indotica/Info.plist;
				INFOPLIST_KEY_UIApplicationSupportsIndirectInputEvents = YES;
				INFOPLIST_KEY_UILaunchStoryboardName = LaunchScreen;
				INFOPLIST_KEY_UIMainStoryboardFile = Main;
				INFOPLIST_KEY_UISupportedInterfaceOrientations_iPad = "UIInterfaceOrientationPortrait UIInterfaceOrientationPortraitUpsideDown UIInterfaceOrientationLandscapeLeft UIInterfaceOrientationLandscapeRight";
				INFOPLIST_KEY_UISupportedInterfaceOrientations_iPhone = "UIInterfaceOrientationPortrait UIInterfaceOrientationLandscapeLeft UIInterfaceOrientationLandscapeRight";
				LD_RUNPATH_SEARCH_PATHS = (
					"$(inherited)",
					"@executable_path/Frameworks",
				);
				MARKETING_VERSION = 1.0;
				PRODUCT_BUNDLE_IDENTIFIER = applica.Indotica;
				PRODUCT_NAME = "$(TARGET_NAME)";
				SWIFT_EMIT_LOC_STRINGS = YES;
				SWIFT_VERSION = 5.0;
				TARGETED_DEVICE_FAMILY = "1,2";
			};
			name = Debug;
		};
		7621AB452B5767D000250EBF /* Release */ = {
			isa = XCBuildConfiguration;
			buildSettings = {
				ASSETCATALOG_COMPILER_APPICON_NAME = AppIcon;
				ASSETCATALOG_COMPILER_GLOBAL_ACCENT_COLOR_NAME = AccentColor;
				CODE_SIGN_STYLE = Automatic;
				CURRENT_PROJECT_VERSION = 1;
				DEVELOPMENT_TEAM = A93PZ6N6SU;
				GENERATE_INFOPLIST_FILE = YES;
				INFOPLIST_FILE = Indotica/Info.plist;
				INFOPLIST_KEY_UIApplicationSupportsIndirectInputEvents = YES;
				INFOPLIST_KEY_UILaunchStoryboardName = LaunchScreen;
				INFOPLIST_KEY_UIMainStoryboardFile = Main;
				INFOPLIST_KEY_UISupportedInterfaceOrientations_iPad = "UIInterfaceOrientationPortrait UIInterfaceOrientationPortraitUpsideDown UIInterfaceOrientationLandscapeLeft UIInterfaceOrientationLandscapeRight";
				INFOPLIST_KEY_UISupportedInterfaceOrientations_iPhone = "UIInterfaceOrientationPortrait UIInterfaceOrientationLandscapeLeft UIInterfaceOrientationLandscapeRight";
				LD_RUNPATH_SEARCH_PATHS = (
					"$(inherited)",
					"@executable_path/Frameworks",
				);
				MARKETING_VERSION = 1.0;
				PRODUCT_BUNDLE_IDENTIFIER = applica.Indotica;
				PRODUCT_NAME = "$(TARGET_NAME)";
				SWIFT_EMIT_LOC_STRINGS = YES;
				SWIFT_VERSION = 5.0;
				TARGETED_DEVICE_FAMILY = "1,2";
			};
			name = Release;
		};
/* End XCBuildConfiguration section */

/* Begin XCConfigurationList section */
		7621AB2A2B5767CE00250EBF /* Build configuration list for PBXProject "Indotica" */ = {
			isa = XCConfigurationList;
			buildConfigurations = (
				7621AB412B5767D000250EBF /* Debug */,
				7621AB422B5767D000250EBF /* Release */,
			);
			defaultConfigurationIsVisible = 0;
			defaultConfigurationName = Release;
		};
		7621AB432B5767D000250EBF /* Build configuration list for PBXNativeTarget "Indotica" */ = {
			isa = XCConfigurationList;
			buildConfigurations = (
				7621AB442B5767D000250EBF /* Debug */,
				7621AB452B5767D000250EBF /* Release */,
			);
			defaultConfigurationIsVisible = 0;
			defaultConfigurationName = Release;
		};
/* End XCConfigurationList section */
	};
	rootObject = 7621AB272B5767CE00250EBF /* Project object */;
}
