// !$*UTF8*$!
{
	archiveVersion = 1;
	classes = {
	};
	objectVersion = 56;
	objects = {

/* Begin PBXBuildFile section */
		7621AB332B5767CE00250EBF /* AppDelegate.swift in Sources */ = {isa = PBXBuildFile; fileRef = 7621AB322B5767CE00250EBF /* AppDelegate.swift */; };
		7621AB352B5767CE00250EBF /* SceneDelegate.swift in Sources */ = {isa = PBXBuildFile; fileRef = 7621AB342B5767CE00250EBF /* SceneDelegate.swift */; };
		7621AB3A2B5767CE00250EBF /* Main.storyboard in Resources */ = {isa = PBXBuildFile; fileRef = 7621AB382B5767CE00250EBF /* Main.storyboard */; };
		7621AB3C2B5767D000250EBF /* Assets.xcassets in Resources */ = {isa = PBXBuildFile; fileRef = 7621AB3B2B5767D000250EBF /* Assets.xcassets */; };
		7621AB3F2B5767D000250EBF /* LaunchScreen.storyboard in Resources */ = {isa = PBXBuildFile; fileRef = 7621AB3D2B5767D000250EBF /* LaunchScreen.storyboard */; };
		764CCF6D2B92413D005D7F00 /* ScanViewController.swift in Sources */ = {isa = PBXBuildFile; fileRef = 764CCF6B2B92413D005D7F00 /* ScanViewController.swift */; };
		764CCF712B92528A005D7F00 /* BaseViewController.swift in Sources */ = {isa = PBXBuildFile; fileRef = 764CCF702B92528A005D7F00 /* BaseViewController.swift */; };
		764CCF732B925681005D7F00 /* SpinnerViewController.swift in Sources */ = {isa = PBXBuildFile; fileRef = 764CCF722B925680005D7F00 /* SpinnerViewController.swift */; };
		765DA41A2B90CE9900346ACD /* APIEndpoints.swift in Sources */ = {isa = PBXBuildFile; fileRef = 765DA4172B90CE9900346ACD /* APIEndpoints.swift */; };
		765DA41B2B90CE9900346ACD /* APIProtocol.swift in Sources */ = {isa = PBXBuildFile; fileRef = 765DA4182B90CE9900346ACD /* APIProtocol.swift */; };
		765DA41D2B90D24500346ACD /* APIService.swift in Sources */ = {isa = PBXBuildFile; fileRef = 765DA41C2B90D24500346ACD /* APIService.swift */; };
		765DA41F2B90D2E100346ACD /* EncodableRequest.swift in Sources */ = {isa = PBXBuildFile; fileRef = 765DA41E2B90D2E100346ACD /* EncodableRequest.swift */; };
		765DA4212B90D3A100346ACD /* IOError.swift in Sources */ = {isa = PBXBuildFile; fileRef = 765DA4202B90D3A100346ACD /* IOError.swift */; };
		765DA4232B90D4A200346ACD /* Env.swift in Sources */ = {isa = PBXBuildFile; fileRef = 765DA4222B90D4A100346ACD /* Env.swift */; };
		765DA4252B90D56400346ACD /* Config.xcconfig in Resources */ = {isa = PBXBuildFile; fileRef = 765DA4242B90D56400346ACD /* Config.xcconfig */; };
		765DA42C2B90E5DB00346ACD /* DIFramework.swift in Sources */ = {isa = PBXBuildFile; fileRef = 765DA4292B90E5DB00346ACD /* DIFramework.swift */; };
		765DA42D2B90E5DB00346ACD /* InjectionKeyList.swift in Sources */ = {isa = PBXBuildFile; fileRef = 765DA42A2B90E5DB00346ACD /* InjectionKeyList.swift */; };
		765DA42E2B90E5DB00346ACD /* ViewModelInjectionList.swift in Sources */ = {isa = PBXBuildFile; fileRef = 765DA42B2B90E5DB00346ACD /* ViewModelInjectionList.swift */; };
		765DA4302B90F48200346ACD /* DateFormatter+Extension.swift in Sources */ = {isa = PBXBuildFile; fileRef = 765DA42F2B90F48200346ACD /* DateFormatter+Extension.swift */; };
		765DA4362B92098500346ACD /* LoginService.swift in Sources */ = {isa = PBXBuildFile; fileRef = 765DA4352B92098500346ACD /* LoginService.swift */; };
		765DA4392B920AB000346ACD /* LoginRepository.swift in Sources */ = {isa = PBXBuildFile; fileRef = 765DA4382B920AB000346ACD /* LoginRepository.swift */; };
		765DA43C2B920D5C00346ACD /* LoginViewModel.swift in Sources */ = {isa = PBXBuildFile; fileRef = 765DA43B2B920D5C00346ACD /* LoginViewModel.swift */; };
		765DA4402B921A1300346ACD /* LoginViewController.swift in Sources */ = {isa = PBXBuildFile; fileRef = 765DA43F2B921A1300346ACD /* LoginViewController.swift */; };
		76A174642B8D053700B04788 /* UserDefaultsManager.swift in Sources */ = {isa = PBXBuildFile; fileRef = 76A174632B8D053700B04788 /* UserDefaultsManager.swift */; };
		76F470A12B8D0C4400D21A37 /* TokenRequest.swift in Sources */ = {isa = PBXBuildFile; fileRef = 76F470A02B8D0C4400D21A37 /* TokenRequest.swift */; };
		76F850912B8918CF00386A9A /* TokenResponse.swift in Sources */ = {isa = PBXBuildFile; fileRef = 76F850902B8918CF00386A9A /* TokenResponse.swift */; };
/* End PBXBuildFile section */

/* Begin PBXFileReference section */
		7621AB2F2B5767CE00250EBF /* Indotica.app */ = {isa = PBXFileReference; explicitFileType = wrapper.application; includeInIndex = 0; path = Indotica.app; sourceTree = BUILT_PRODUCTS_DIR; };
		7621AB322B5767CE00250EBF /* AppDelegate.swift */ = {isa = PBXFileReference; lastKnownFileType = sourcecode.swift; path = AppDelegate.swift; sourceTree = "<group>"; };
		7621AB342B5767CE00250EBF /* SceneDelegate.swift */ = {isa = PBXFileReference; lastKnownFileType = sourcecode.swift; path = SceneDelegate.swift; sourceTree = "<group>"; };
		7621AB392B5767CE00250EBF /* Base */ = {isa = PBXFileReference; lastKnownFileType = file.storyboard; name = Base; path = Base.lproj/Main.storyboard; sourceTree = "<group>"; };
		7621AB3B2B5767D000250EBF /* Assets.xcassets */ = {isa = PBXFileReference; lastKnownFileType = folder.assetcatalog; path = Assets.xcassets; sourceTree = "<group>"; };
		7621AB3E2B5767D000250EBF /* Base */ = {isa = PBXFileReference; lastKnownFileType = file.storyboard; name = Base; path = Base.lproj/LaunchScreen.storyboard; sourceTree = "<group>"; };
		7621AB402B5767D000250EBF /* Info.plist */ = {isa = PBXFileReference; lastKnownFileType = text.plist.xml; path = Info.plist; sourceTree = "<group>"; };
		764CCF6B2B92413D005D7F00 /* ScanViewController.swift */ = {isa = PBXFileReference; lastKnownFileType = sourcecode.swift; path = ScanViewController.swift; sourceTree = "<group>"; };
		764CCF702B92528A005D7F00 /* BaseViewController.swift */ = {isa = PBXFileReference; fileEncoding = 4; lastKnownFileType = sourcecode.swift; path = BaseViewController.swift; sourceTree = "<group>"; };
		764CCF722B925680005D7F00 /* SpinnerViewController.swift */ = {isa = PBXFileReference; fileEncoding = 4; lastKnownFileType = sourcecode.swift; path = SpinnerViewController.swift; sourceTree = "<group>"; };
		765DA4172B90CE9900346ACD /* APIEndpoints.swift */ = {isa = PBXFileReference; fileEncoding = 4; lastKnownFileType = sourcecode.swift; path = APIEndpoints.swift; sourceTree = "<group>"; };
		765DA4182B90CE9900346ACD /* APIProtocol.swift */ = {isa = PBXFileReference; fileEncoding = 4; lastKnownFileType = sourcecode.swift; path = APIProtocol.swift; sourceTree = "<group>"; };
		765DA41C2B90D24500346ACD /* APIService.swift */ = {isa = PBXFileReference; fileEncoding = 4; lastKnownFileType = sourcecode.swift; path = APIService.swift; sourceTree = "<group>"; };
		765DA41E2B90D2E100346ACD /* EncodableRequest.swift */ = {isa = PBXFileReference; fileEncoding = 4; lastKnownFileType = sourcecode.swift; path = EncodableRequest.swift; sourceTree = "<group>"; };
		765DA4202B90D3A100346ACD /* IOError.swift */ = {isa = PBXFileReference; fileEncoding = 4; lastKnownFileType = sourcecode.swift; path = IOError.swift; sourceTree = "<group>"; };
		765DA4222B90D4A100346ACD /* Env.swift */ = {isa = PBXFileReference; fileEncoding = 4; lastKnownFileType = sourcecode.swift; path = Env.swift; sourceTree = "<group>"; };
		765DA4242B90D56400346ACD /* Config.xcconfig */ = {isa = PBXFileReference; fileEncoding = 4; lastKnownFileType = text.xcconfig; path = Config.xcconfig; sourceTree = "<group>"; };
		765DA4292B90E5DB00346ACD /* DIFramework.swift */ = {isa = PBXFileReference; fileEncoding = 4; lastKnownFileType = sourcecode.swift; path = DIFramework.swift; sourceTree = "<group>"; };
		765DA42A2B90E5DB00346ACD /* InjectionKeyList.swift */ = {isa = PBXFileReference; fileEncoding = 4; lastKnownFileType = sourcecode.swift; path = InjectionKeyList.swift; sourceTree = "<group>"; };
		765DA42B2B90E5DB00346ACD /* ViewModelInjectionList.swift */ = {isa = PBXFileReference; fileEncoding = 4; lastKnownFileType = sourcecode.swift; path = ViewModelInjectionList.swift; sourceTree = "<group>"; };
		765DA42F2B90F48200346ACD /* DateFormatter+Extension.swift */ = {isa = PBXFileReference; lastKnownFileType = sourcecode.swift; path = "DateFormatter+Extension.swift"; sourceTree = "<group>"; };
		765DA4352B92098500346ACD /* LoginService.swift */ = {isa = PBXFileReference; lastKnownFileType = sourcecode.swift; path = LoginService.swift; sourceTree = "<group>"; };
		765DA4382B920AB000346ACD /* LoginRepository.swift */ = {isa = PBXFileReference; lastKnownFileType = sourcecode.swift; path = LoginRepository.swift; sourceTree = "<group>"; };
		765DA43B2B920D5C00346ACD /* LoginViewModel.swift */ = {isa = PBXFileReference; lastKnownFileType = sourcecode.swift; path = LoginViewModel.swift; sourceTree = "<group>"; };
		765DA43F2B921A1300346ACD /* LoginViewController.swift */ = {isa = PBXFileReference; lastKnownFileType = sourcecode.swift; path = LoginViewController.swift; sourceTree = "<group>"; };
		76A174632B8D053700B04788 /* UserDefaultsManager.swift */ = {isa = PBXFileReference; lastKnownFileType = sourcecode.swift; path = UserDefaultsManager.swift; sourceTree = "<group>"; };
		76F470A02B8D0C4400D21A37 /* TokenRequest.swift */ = {isa = PBXFileReference; lastKnownFileType = sourcecode.swift; path = TokenRequest.swift; sourceTree = "<group>"; };
		76F850902B8918CF00386A9A /* TokenResponse.swift */ = {isa = PBXFileReference; lastKnownFileType = sourcecode.swift; path = TokenResponse.swift; sourceTree = "<group>"; };
/* End PBXFileReference section */

/* Begin PBXFrameworksBuildPhase section */
		7621AB2C2B5767CE00250EBF /* Frameworks */ = {
			isa = PBXFrameworksBuildPhase;
			buildActionMask = 2147483647;
			files = (
			);
			runOnlyForDeploymentPostprocessing = 0;
		};
/* End PBXFrameworksBuildPhase section */

/* Begin PBXGroup section */
		7621AB262B5767CE00250EBF = {
			isa = PBXGroup;
			children = (
				7621AB312B5767CE00250EBF /* Indotica */,
				7621AB302B5767CE00250EBF /* Products */,
				FAE9CE9E4EEA6140F5841411 /* Pods */,
			);
			sourceTree = "<group>";
		};
		7621AB302B5767CE00250EBF /* Products */ = {
			isa = PBXGroup;
			children = (
				7621AB2F2B5767CE00250EBF /* Indotica.app */,
			);
			name = Products;
			sourceTree = "<group>";
		};
		7621AB312B5767CE00250EBF /* Indotica */ = {
			isa = PBXGroup;
			children = (
				765DA4312B91147400346ACD /* Presentation */,
				765DA40D2B90CD6800346ACD /* Aplication */,
				7621AB322B5767CE00250EBF /* AppDelegate.swift */,
				7621AB342B5767CE00250EBF /* SceneDelegate.swift */,
				7621AB382B5767CE00250EBF /* Main.storyboard */,
				7621AB3B2B5767D000250EBF /* Assets.xcassets */,
				7621AB3D2B5767D000250EBF /* LaunchScreen.storyboard */,
				7621AB402B5767D000250EBF /* Info.plist */,
				765DA4242B90D56400346ACD /* Config.xcconfig */,
			);
			path = Indotica;
			sourceTree = "<group>";
		};
		764CCF6A2B924130005D7F00 /* Scan */ = {
			isa = PBXGroup;
			children = (
				764CCF6B2B92413D005D7F00 /* ScanViewController.swift */,
			);
			path = Scan;
			sourceTree = "<group>";
		};
		764CCF6F2B92524A005D7F00 /* Helpers */ = {
			isa = PBXGroup;
			children = (
				764CCF702B92528A005D7F00 /* BaseViewController.swift */,
				764CCF722B925680005D7F00 /* SpinnerViewController.swift */,
			);
			path = Helpers;
			sourceTree = "<group>";
		};
		765DA40D2B90CD6800346ACD /* Aplication */ = {
			isa = PBXGroup;
			children = (
				765DA4372B920A9E00346ACD /* Repositories */,
				765DA4282B90E5B100346ACD /* DiFramework */,
				76A174622B8D050500B04788 /* Helpers */,
				76F8508C2B8906F500386A9A /* Networking */,
			);
			path = Aplication;
			sourceTree = "<group>";
		};
		765DA40E2B90CD8300346ACD /* Response */ = {
			isa = PBXGroup;
			children = (
				76F850902B8918CF00386A9A /* TokenResponse.swift */,
			);
			path = Response;
			sourceTree = "<group>";
		};
		765DA40F2B90CD8B00346ACD /* Request */ = {
			isa = PBXGroup;
			children = (
				765DA41E2B90D2E100346ACD /* EncodableRequest.swift */,
				76F470A02B8D0C4400D21A37 /* TokenRequest.swift */,
			);
			path = Request;
			sourceTree = "<group>";
		};
		765DA4282B90E5B100346ACD /* DiFramework */ = {
			isa = PBXGroup;
			children = (
				765DA4292B90E5DB00346ACD /* DIFramework.swift */,
				765DA42A2B90E5DB00346ACD /* InjectionKeyList.swift */,
				765DA42B2B90E5DB00346ACD /* ViewModelInjectionList.swift */,
			);
			path = DiFramework;
			sourceTree = "<group>";
		};
		765DA4312B91147400346ACD /* Presentation */ = {
			isa = PBXGroup;
			children = (
				764CCF6F2B92524A005D7F00 /* Helpers */,
				764CCF6A2B924130005D7F00 /* Scan */,
				765DA43A2B920D4600346ACD /* Login */,
			);
			path = Presentation;
			sourceTree = "<group>";
		};
		765DA4342B92096400346ACD /* Service */ = {
			isa = PBXGroup;
			children = (
				765DA4352B92098500346ACD /* LoginService.swift */,
			);
			path = Service;
			sourceTree = "<group>";
		};
		765DA4372B920A9E00346ACD /* Repositories */ = {
			isa = PBXGroup;
			children = (
				765DA4382B920AB000346ACD /* LoginRepository.swift */,
			);
			path = Repositories;
			sourceTree = "<group>";
		};
		765DA43A2B920D4600346ACD /* Login */ = {
			isa = PBXGroup;
			children = (
				765DA43B2B920D5C00346ACD /* LoginViewModel.swift */,
				765DA43F2B921A1300346ACD /* LoginViewController.swift */,
			);
			path = Login;
			sourceTree = "<group>";
		};
		76A174622B8D050500B04788 /* Helpers */ = {
			isa = PBXGroup;
			children = (
				765DA4222B90D4A100346ACD /* Env.swift */,
				76A174632B8D053700B04788 /* UserDefaultsManager.swift */,
				765DA42F2B90F48200346ACD /* DateFormatter+Extension.swift */,
			);
			path = Helpers;
			sourceTree = "<group>";
		};
		76F8508C2B8906F500386A9A /* Networking */ = {
			isa = PBXGroup;
			children = (
				765DA4342B92096400346ACD /* Service */,
				765DA4172B90CE9900346ACD /* APIEndpoints.swift */,
				765DA4182B90CE9900346ACD /* APIProtocol.swift */,
				765DA41C2B90D24500346ACD /* APIService.swift */,
				76F8508F2B8918C200386A9A /* Models */,
			);
			path = Networking;
			sourceTree = "<group>";
		};
		76F8508F2B8918C200386A9A /* Models */ = {
			isa = PBXGroup;
			children = (
				765DA4202B90D3A100346ACD /* IOError.swift */,
				765DA40F2B90CD8B00346ACD /* Request */,
				765DA40E2B90CD8300346ACD /* Response */,
			);
			path = Models;
			sourceTree = "<group>";
		};
		FAE9CE9E4EEA6140F5841411 /* Pods */ = {
			isa = PBXGroup;
			children = (
			);
			path = Pods;
			sourceTree = "<group>";
		};
/* End PBXGroup section */

/* Begin PBXNativeTarget section */
		7621AB2E2B5767CE00250EBF /* Indotica */ = {
			isa = PBXNativeTarget;
			buildConfigurationList = 7621AB432B5767D000250EBF /* Build configuration list for PBXNativeTarget "Indotica" */;
			buildPhases = (
				7621AB2B2B5767CE00250EBF /* Sources */,
				7621AB2C2B5767CE00250EBF /* Frameworks */,
				7621AB2D2B5767CE00250EBF /* Resources */,
			);
			buildRules = (
			);
			dependencies = (
			);
			name = Indotica;
			productName = Indotica;
			productReference = 7621AB2F2B5767CE00250EBF /* Indotica.app */;
			productType = "com.apple.product-type.application";
		};
/* End PBXNativeTarget section */

/* Begin PBXProject section */
		7621AB272B5767CE00250EBF /* Project object */ = {
			isa = PBXProject;
			attributes = {
				BuildIndependentTargetsInParallel = 1;
				LastSwiftUpdateCheck = 1420;
				LastUpgradeCheck = 1420;
				TargetAttributes = {
					7621AB2E2B5767CE00250EBF = {
						CreatedOnToolsVersion = 14.2;
					};
				};
			};
			buildConfigurationList = 7621AB2A2B5767CE00250EBF /* Build configuration list for PBXProject "Indotica" */;
			compatibilityVersion = "Xcode 14.0";
			developmentRegion = en;
			hasScannedForEncodings = 0;
			knownRegions = (
				en,
				Base,
			);
			mainGroup = 7621AB262B5767CE00250EBF;
			productRefGroup = 7621AB302B5767CE00250EBF /* Products */;
			projectDirPath = "";
			projectRoot = "";
			targets = (
				7621AB2E2B5767CE00250EBF /* Indotica */,
			);
		};
/* End PBXProject section */

/* Begin PBXResourcesBuildPhase section */
		7621AB2D2B5767CE00250EBF /* Resources */ = {
			isa = PBXResourcesBuildPhase;
			buildActionMask = 2147483647;
			files = (
				7621AB3F2B5767D000250EBF /* LaunchScreen.storyboard in Resources */,
				7621AB3C2B5767D000250EBF /* Assets.xcassets in Resources */,
				7621AB3A2B5767CE00250EBF /* Main.storyboard in Resources */,
				765DA4252B90D56400346ACD /* Config.xcconfig in Resources */,
			);
			runOnlyForDeploymentPostprocessing = 0;
		};
/* End PBXResourcesBuildPhase section */

/* Begin PBXSourcesBuildPhase section */
		7621AB2B2B5767CE00250EBF /* Sources */ = {
			isa = PBXSourcesBuildPhase;
			buildActionMask = 2147483647;
			files = (
				764CCF732B925681005D7F00 /* SpinnerViewController.swift in Sources */,
				7621AB332B5767CE00250EBF /* AppDelegate.swift in Sources */,
				765DA42E2B90E5DB00346ACD /* ViewModelInjectionList.swift in Sources */,
				765DA41B2B90CE9900346ACD /* APIProtocol.swift in Sources */,
				765DA41D2B90D24500346ACD /* APIService.swift in Sources */,
				76A174642B8D053700B04788 /* UserDefaultsManager.swift in Sources */,
				764CCF712B92528A005D7F00 /* BaseViewController.swift in Sources */,
				765DA4392B920AB000346ACD /* LoginRepository.swift in Sources */,
				765DA41F2B90D2E100346ACD /* EncodableRequest.swift in Sources */,
				764CCF6D2B92413D005D7F00 /* ScanViewController.swift in Sources */,
				765DA4402B921A1300346ACD /* LoginViewController.swift in Sources */,
				765DA4362B92098500346ACD /* LoginService.swift in Sources */,
				765DA4212B90D3A100346ACD /* IOError.swift in Sources */,
				765DA41A2B90CE9900346ACD /* APIEndpoints.swift in Sources */,
				765DA42D2B90E5DB00346ACD /* InjectionKeyList.swift in Sources */,
				765DA42C2B90E5DB00346ACD /* DIFramework.swift in Sources */,
				7621AB352B5767CE00250EBF /* SceneDelegate.swift in Sources */,
				76F850912B8918CF00386A9A /* TokenResponse.swift in Sources */,
				765DA4302B90F48200346ACD /* DateFormatter+Extension.swift in Sources */,
				76F470A12B8D0C4400D21A37 /* TokenRequest.swift in Sources */,
				765DA43C2B920D5C00346ACD /* LoginViewModel.swift in Sources */,
				765DA4232B90D4A200346ACD /* Env.swift in Sources */,
			);
			runOnlyForDeploymentPostprocessing = 0;
		};
/* End PBXSourcesBuildPhase section */

/* Begin PBXVariantGroup section */
		7621AB382B5767CE00250EBF /* Main.storyboard */ = {
			isa = PBXVariantGroup;
			children = (
				7621AB392B5767CE00250EBF /* Base */,
			);
			name = Main.storyboard;
			sourceTree = "<group>";
		};
		7621AB3D2B5767D000250EBF /* LaunchScreen.storyboard */ = {
			isa = PBXVariantGroup;
			children = (
				7621AB3E2B5767D000250EBF /* Base */,
			);
			name = LaunchScreen.storyboard;
			sourceTree = "<group>";
		};
/* End PBXVariantGroup section */

/* Begin XCBuildConfiguration section */
		7621AB412B5767D000250EBF /* Debug */ = {
			isa = XCBuildConfiguration;
			buildSettings = {
				ALWAYS_SEARCH_USER_PATHS = NO;
				CLANG_ANALYZER_NONNULL = YES;
				CLANG_ANALYZER_NUMBER_OBJECT_CONVERSION = YES_AGGRESSIVE;
				CLANG_CXX_LANGUAGE_STANDARD = "gnu++20";
				CLANG_ENABLE_MODULES = YES;
				CLANG_ENABLE_OBJC_ARC = YES;
				CLANG_ENABLE_OBJC_WEAK = YES;
				CLANG_WARN_BLOCK_CAPTURE_AUTORELEASING = YES;
				CLANG_WARN_BOOL_CONVERSION = YES;
				CLANG_WARN_COMMA = YES;
				CLANG_WARN_CONSTANT_CONVERSION = YES;
				CLANG_WARN_DEPRECATED_OBJC_IMPLEMENTATIONS = YES;
				CLANG_WARN_DIRECT_OBJC_ISA_USAGE = YES_ERROR;
				CLANG_WARN_DOCUMENTATION_COMMENTS = YES;
				CLANG_WARN_EMPTY_BODY = YES;
				CLANG_WARN_ENUM_CONVERSION = YES;
				CLANG_WARN_INFINITE_RECURSION = YES;
				CLANG_WARN_INT_CONVERSION = YES;
				CLANG_WARN_NON_LITERAL_NULL_CONVERSION = YES;
				CLANG_WARN_OBJC_IMPLICIT_RETAIN_SELF = YES;
				CLANG_WARN_OBJC_LITERAL_CONVERSION = YES;
				CLANG_WARN_OBJC_ROOT_CLASS = YES_ERROR;
				CLANG_WARN_QUOTED_INCLUDE_IN_FRAMEWORK_HEADER = YES;
				CLANG_WARN_RANGE_LOOP_ANALYSIS = YES;
				CLANG_WARN_STRICT_PROTOTYPES = YES;
				CLANG_WARN_SUSPICIOUS_MOVE = YES;
				CLANG_WARN_UNGUARDED_AVAILABILITY = YES_AGGRESSIVE;
				CLANG_WARN_UNREACHABLE_CODE = YES;
				CLANG_WARN__DUPLICATE_METHOD_MATCH = YES;
				COPY_PHASE_STRIP = NO;
				DEBUG_INFORMATION_FORMAT = dwarf;
				ENABLE_STRICT_OBJC_MSGSEND = YES;
				ENABLE_TESTABILITY = YES;
				GCC_C_LANGUAGE_STANDARD = gnu11;
				GCC_DYNAMIC_NO_PIC = NO;
				GCC_NO_COMMON_BLOCKS = YES;
				GCC_OPTIMIZATION_LEVEL = 0;
				GCC_PREPROCESSOR_DEFINITIONS = (
					"DEBUG=1",
					"$(inherited)",
				);
				GCC_WARN_64_TO_32_BIT_CONVERSION = YES;
				GCC_WARN_ABOUT_RETURN_TYPE = YES_ERROR;
				GCC_WARN_UNDECLARED_SELECTOR = YES;
				GCC_WARN_UNINITIALIZED_AUTOS = YES_AGGRESSIVE;
				GCC_WARN_UNUSED_FUNCTION = YES;
				GCC_WARN_UNUSED_VARIABLE = YES;
				HOST = 192.168.2.13;
				IPHONEOS_DEPLOYMENT_TARGET = 16.2;
				MTL_ENABLE_DEBUG_INFO = INCLUDE_SOURCE;
				MTL_FAST_MATH = YES;
				ONLY_ACTIVE_ARCH = YES;
				PORT = 4552;
				SCHEME = http;
				SDKROOT = iphoneos;
				SWIFT_ACTIVE_COMPILATION_CONDITIONS = DEBUG;
				SWIFT_OPTIMIZATION_LEVEL = "-Onone";
			};
			name = Debug;
		};
		7621AB422B5767D000250EBF /* Release */ = {
			isa = XCBuildConfiguration;
			buildSettings = {
				ALWAYS_SEARCH_USER_PATHS = NO;
				CLANG_ANALYZER_NONNULL = YES;
				CLANG_ANALYZER_NUMBER_OBJECT_CONVERSION = YES_AGGRESSIVE;
				CLANG_CXX_LANGUAGE_STANDARD = "gnu++20";
				CLANG_ENABLE_MODULES = YES;
				CLANG_ENABLE_OBJC_ARC = YES;
				CLANG_ENABLE_OBJC_WEAK = YES;
				CLANG_WARN_BLOCK_CAPTURE_AUTORELEASING = YES;
				CLANG_WARN_BOOL_CONVERSION = YES;
				CLANG_WARN_COMMA = YES;
				CLANG_WARN_CONSTANT_CONVERSION = YES;
				CLANG_WARN_DEPRECATED_OBJC_IMPLEMENTATIONS = YES;
				CLANG_WARN_DIRECT_OBJC_ISA_USAGE = YES_ERROR;
				CLANG_WARN_DOCUMENTATION_COMMENTS = YES;
				CLANG_WARN_EMPTY_BODY = YES;
				CLANG_WARN_ENUM_CONVERSION = YES;
				CLANG_WARN_INFINITE_RECURSION = YES;
				CLANG_WARN_INT_CONVERSION = YES;
				CLANG_WARN_NON_LITERAL_NULL_CONVERSION = YES;
				CLANG_WARN_OBJC_IMPLICIT_RETAIN_SELF = YES;
				CLANG_WARN_OBJC_LITERAL_CONVERSION = YES;
				CLANG_WARN_OBJC_ROOT_CLASS = YES_ERROR;
				CLANG_WARN_QUOTED_INCLUDE_IN_FRAMEWORK_HEADER = YES;
				CLANG_WARN_RANGE_LOOP_ANALYSIS = YES;
				CLANG_WARN_STRICT_PROTOTYPES = YES;
				CLANG_WARN_SUSPICIOUS_MOVE = YES;
				CLANG_WARN_UNGUARDED_AVAILABILITY = YES_AGGRESSIVE;
				CLANG_WARN_UNREACHABLE_CODE = YES;
				CLANG_WARN__DUPLICATE_METHOD_MATCH = YES;
				COPY_PHASE_STRIP = NO;
				DEBUG_INFORMATION_FORMAT = "dwarf-with-dsym";
				ENABLE_NS_ASSERTIONS = NO;
				ENABLE_STRICT_OBJC_MSGSEND = YES;
				GCC_C_LANGUAGE_STANDARD = gnu11;
				GCC_NO_COMMON_BLOCKS = YES;
				GCC_WARN_64_TO_32_BIT_CONVERSION = YES;
				GCC_WARN_ABOUT_RETURN_TYPE = YES_ERROR;
				GCC_WARN_UNDECLARED_SELECTOR = YES;
				GCC_WARN_UNINITIALIZED_AUTOS = YES_AGGRESSIVE;
				GCC_WARN_UNUSED_FUNCTION = YES;
				GCC_WARN_UNUSED_VARIABLE = YES;
				HOST = 192.168.2.13;
				IPHONEOS_DEPLOYMENT_TARGET = 16.2;
				MTL_ENABLE_DEBUG_INFO = NO;
				MTL_FAST_MATH = YES;
				PORT = 4552;
				SCHEME = http;
				SDKROOT = iphoneos;
				SWIFT_COMPILATION_MODE = wholemodule;
				SWIFT_OPTIMIZATION_LEVEL = "-O";
				VALIDATE_PRODUCT = YES;
			};
			name = Release;
		};
		7621AB442B5767D000250EBF /* Debug */ = {
			isa = XCBuildConfiguration;
			buildSettings = {
				ASSETCATALOG_COMPILER_APPICON_NAME = AppIcon;
				ASSETCATALOG_COMPILER_GLOBAL_ACCENT_COLOR_NAME = AccentColor;
				CODE_SIGN_STYLE = Automatic;
				CURRENT_PROJECT_VERSION = 1;
				DEVELOPMENT_TEAM = A93PZ6N6SU;
				GENERATE_INFOPLIST_FILE = YES;
				INFOPLIST_FILE = Indotica/Info.plist;
				INFOPLIST_KEY_UIApplicationSupportsIndirectInputEvents = YES;
				INFOPLIST_KEY_UILaunchStoryboardName = LaunchScreen;
				INFOPLIST_KEY_UIMainStoryboardFile = Main;
				INFOPLIST_KEY_UISupportedInterfaceOrientations_iPad = "UIInterfaceOrientationPortrait UIInterfaceOrientationPortraitUpsideDown UIInterfaceOrientationLandscapeLeft UIInterfaceOrientationLandscapeRight";
				INFOPLIST_KEY_UISupportedInterfaceOrientations_iPhone = "UIInterfaceOrientationPortrait UIInterfaceOrientationLandscapeLeft UIInterfaceOrientationLandscapeRight";
				LD_RUNPATH_SEARCH_PATHS = (
					"$(inherited)",
					"@executable_path/Frameworks",
				);
				MARKETING_VERSION = 1.0;
				PRODUCT_BUNDLE_IDENTIFIER = applica.Indotica;
				PRODUCT_NAME = "$(TARGET_NAME)";
				SWIFT_EMIT_LOC_STRINGS = YES;
				SWIFT_VERSION = 5.0;
				TARGETED_DEVICE_FAMILY = "1,2";
			};
			name = Debug;
		};
		7621AB452B5767D000250EBF /* Release */ = {
			isa = XCBuildConfiguration;
			buildSettings = {
				ASSETCATALOG_COMPILER_APPICON_NAME = AppIcon;
				ASSETCATALOG_COMPILER_GLOBAL_ACCENT_COLOR_NAME = AccentColor;
				CODE_SIGN_STYLE = Automatic;
				CURRENT_PROJECT_VERSION = 1;
				DEVELOPMENT_TEAM = A93PZ6N6SU;
				GENERATE_INFOPLIST_FILE = YES;
				INFOPLIST_FILE = Indotica/Info.plist;
				INFOPLIST_KEY_UIApplicationSupportsIndirectInputEvents = YES;
				INFOPLIST_KEY_UILaunchStoryboardName = LaunchScreen;
				INFOPLIST_KEY_UIMainStoryboardFile = Main;
				INFOPLIST_KEY_UISupportedInterfaceOrientations_iPad = "UIInterfaceOrientationPortrait UIInterfaceOrientationPortraitUpsideDown UIInterfaceOrientationLandscapeLeft UIInterfaceOrientationLandscapeRight";
				INFOPLIST_KEY_UISupportedInterfaceOrientations_iPhone = "UIInterfaceOrientationPortrait UIInterfaceOrientationLandscapeLeft UIInterfaceOrientationLandscapeRight";
				LD_RUNPATH_SEARCH_PATHS = (
					"$(inherited)",
					"@executable_path/Frameworks",
				);
				MARKETING_VERSION = 1.0;
				PRODUCT_BUNDLE_IDENTIFIER = applica.Indotica;
				PRODUCT_NAME = "$(TARGET_NAME)";
				SWIFT_EMIT_LOC_STRINGS = YES;
				SWIFT_VERSION = 5.0;
				TARGETED_DEVICE_FAMILY = "1,2";
			};
			name = Release;
		};
/* End XCBuildConfiguration section */

/* Begin XCConfigurationList section */
		7621AB2A2B5767CE00250EBF /* Build configuration list for PBXProject "Indotica" */ = {
			isa = XCConfigurationList;
			buildConfigurations = (
				7621AB412B5767D000250EBF /* Debug */,
				7621AB422B5767D000250EBF /* Release */,
			);
			defaultConfigurationIsVisible = 0;
			defaultConfigurationName = Release;
		};
		7621AB432B5767D000250EBF /* Build configuration list for PBXNativeTarget "Indotica" */ = {
			isa = XCConfigurationList;
			buildConfigurations = (
				7621AB442B5767D000250EBF /* Debug */,
				7621AB452B5767D000250EBF /* Release */,
			);
			defaultConfigurationIsVisible = 0;
			defaultConfigurationName = Release;
		};
/* End XCConfigurationList section */
	};
	rootObject = 7621AB272B5767CE00250EBF /* Project object */;
}
